{
  "dependencies": {
    "moment": {
      "version": "2.13.0",
      "resolved": "https://registry.npmjs.org/moment/-/moment-2.13.0.tgz",
      "from": "moment@2.13.0"
    },
    "onyx-node": {
      "version": "4.1.7",
      "resolved": "https://registry.npmjs.org/onyx-node/-/onyx-node-4.1.7.tgz",
      "from": "onyx-node@4.1.7"
    }
  }
}
